// !$*UTF8*$!
{
	archiveVersion = 1;
	classes = {
	};
	objectVersion = 56;
	objects = {

/* Begin PBXBuildFile section */
		4D300DE12A45A51C003814D4 /* TaskTextView.swift in Sources */ = {isa = PBXBuildFile; fileRef = 4D300DE02A45A51C003814D4 /* TaskTextView.swift */; };
		4D300DE32A45AB87003814D4 /* TaskStackView.swift in Sources */ = {isa = PBXBuildFile; fileRef = 4D300DE22A45AB87003814D4 /* TaskStackView.swift */; };
		4D5371AB2A68875D00D01991 /* Constants.swift in Sources */ = {isa = PBXBuildFile; fileRef = 4DBA58182A671B2800BE42E3 /* Constants.swift */; };
		4D68DF022A4FD635008425FF /* spm in Frameworks */ = {isa = PBXBuildFile; productRef = 4D68DF012A4FD635008425FF /* spm */; };
		4D68F12C2A43385C003BEEC1 /* TaskViewController.swift in Sources */ = {isa = PBXBuildFile; fileRef = 4D68F12B2A43385C003BEEC1 /* TaskViewController.swift */; };
		4D7509202A67F5C8007D5C66 /* Images.swift in Sources */ = {isa = PBXBuildFile; fileRef = 4DBA58192A671B2800BE42E3 /* Images.swift */; };
		4D7509212A67F65E007D5C66 /* Assets.xcassets in Resources */ = {isa = PBXBuildFile; fileRef = 4DD4D74B2A35EED0001315A8 /* Assets.xcassets */; };
		4D7509222A67F786007D5C66 /* Date+extension.swift in Sources */ = {isa = PBXBuildFile; fileRef = 4DBA580E2A671B2800BE42E3 /* Date+extension.swift */; };
		4D7509232A67F7CE007D5C66 /* TodoItem.swift in Sources */ = {isa = PBXBuildFile; fileRef = 4D99EBCD2A67436E00D63555 /* TodoItem.swift */; };
		4D8342C72A67FD6100127508 /* Colors.swift in Sources */ = {isa = PBXBuildFile; fileRef = 4DBA581B2A671B2800BE42E3 /* Colors.swift */; };
		4D86FE8E2A46738500BCA7AC /* DeleteButton.swift in Sources */ = {isa = PBXBuildFile; fileRef = 4D86FE8D2A46738500BCA7AC /* DeleteButton.swift */; };
		4D86FE932A46A58F00BCA7AC /* TasksLaunching.swift in Sources */ = {isa = PBXBuildFile; fileRef = 4D86FE922A46A58F00BCA7AC /* TasksLaunching.swift */; };
		4D86FE972A4A41D100BCA7AC /* MainScreenViewController.swift in Sources */ = {isa = PBXBuildFile; fileRef = 4D86FE962A4A41D000BCA7AC /* MainScreenViewController.swift */; };
		4D86FE992A4A441800BCA7AC /* ToDoTableView.swift in Sources */ = {isa = PBXBuildFile; fileRef = 4D86FE982A4A441800BCA7AC /* ToDoTableView.swift */; };
		4D86FE9D2A4B191200BCA7AC /* TableViewCell.swift in Sources */ = {isa = PBXBuildFile; fileRef = 4D86FE9C2A4B191200BCA7AC /* TableViewCell.swift */; };
		4D8B08C12A4B6294009332D5 /* HiddenTasksView.swift in Sources */ = {isa = PBXBuildFile; fileRef = 4D8B08C02A4B6294009332D5 /* HiddenTasksView.swift */; };
		4D8B08CB2A4FBD6D009332D5 /* CocoaLumberjack in Frameworks */ = {isa = PBXBuildFile; productRef = 4D8B08CA2A4FBD6D009332D5 /* CocoaLumberjack */; };
		4D99EBC72A673FFD00D63555 /* FileCache.swift in Sources */ = {isa = PBXBuildFile; fileRef = 4D99EBC62A673FFD00D63555 /* FileCache.swift */; };
		4D99EBC92A6740A900D63555 /* SQLDatabase.swift in Sources */ = {isa = PBXBuildFile; fileRef = 4D99EBC42A673EFB00D63555 /* SQLDatabase.swift */; };
		4D99EBCE2A67436E00D63555 /* TodoItem.swift in Sources */ = {isa = PBXBuildFile; fileRef = 4D99EBCD2A67436E00D63555 /* TodoItem.swift */; };
		4D99EBD12A67441800D63555 /* spm in Frameworks */ = {isa = PBXBuildFile; productRef = 4D99EBD02A67441800D63555 /* spm */; };
		4D99EBD32A67E1FC00D63555 /* mockData.swift in Sources */ = {isa = PBXBuildFile; fileRef = 4D99EBD22A67E1FC00D63555 /* mockData.swift */; };
		4D9AA75D2A5E210C005AE348 /* SQLite in Frameworks */ = {isa = PBXBuildFile; productRef = 4D9AA75C2A5E210C005AE348 /* SQLite */; };
		4DBA57A52A670B4900BE42E3 /* ToDoList_SwiftUIApp.swift in Sources */ = {isa = PBXBuildFile; fileRef = 4DBA57A42A670B4900BE42E3 /* ToDoList_SwiftUIApp.swift */; };
		4DBA57A72A670B4900BE42E3 /* ContentView.swift in Sources */ = {isa = PBXBuildFile; fileRef = 4DBA57A62A670B4900BE42E3 /* ContentView.swift */; };
		4DBA57AC2A670B4A00BE42E3 /* Preview Assets.xcassets in Resources */ = {isa = PBXBuildFile; fileRef = 4DBA57AB2A670B4A00BE42E3 /* Preview Assets.xcassets */; };
		4DBA58302A671E1D00BE42E3 /* Colors.swift in Sources */ = {isa = PBXBuildFile; fileRef = 4DBA581B2A671B2800BE42E3 /* Colors.swift */; };
		4DBA58312A671E3400BE42E3 /* Constants.swift in Sources */ = {isa = PBXBuildFile; fileRef = 4DBA58182A671B2800BE42E3 /* Constants.swift */; };
		4DBA58322A671E3700BE42E3 /* Images.swift in Sources */ = {isa = PBXBuildFile; fileRef = 4DBA58192A671B2800BE42E3 /* Images.swift */; };
		4DBA58332A671E3B00BE42E3 /* ToDoErrors.swift in Sources */ = {isa = PBXBuildFile; fileRef = 4DBA581A2A671B2800BE42E3 /* ToDoErrors.swift */; };
		4DBA58342A671E4000BE42E3 /* testFile.json in Resources */ = {isa = PBXBuildFile; fileRef = 4DBA581D2A671B2800BE42E3 /* testFile.json */; };
		4DBA58352A671E4500BE42E3 /* testModels.swift in Sources */ = {isa = PBXBuildFile; fileRef = 4DBA581E2A671B2800BE42E3 /* testModels.swift */; };
		4DBA58362A671E5700BE42E3 /* NetworkRequest.swift in Sources */ = {isa = PBXBuildFile; fileRef = 4DBA58142A671B2800BE42E3 /* NetworkRequest.swift */; };
		4DBA58372A671E5700BE42E3 /* RequestType.swift in Sources */ = {isa = PBXBuildFile; fileRef = 4DBA58152A671B2800BE42E3 /* RequestType.swift */; };
		4DBA58382A671E5700BE42E3 /* DefaultNetworkingService.swift in Sources */ = {isa = PBXBuildFile; fileRef = 4DBA58162A671B2800BE42E3 /* DefaultNetworkingService.swift */; };
		4DBA58392A671E5700BE42E3 /* testNetwork.swift in Sources */ = {isa = PBXBuildFile; fileRef = 4DBA58122A671B2800BE42E3 /* testNetwork.swift */; };
		4DBA583A2A671E5700BE42E3 /* NetworkTodoItem.swift in Sources */ = {isa = PBXBuildFile; fileRef = 4DBA58132A671B2800BE42E3 /* NetworkTodoItem.swift */; };
		4DBA583C2A671E7000BE42E3 /* Date+extension.swift in Sources */ = {isa = PBXBuildFile; fileRef = 4DBA580E2A671B2800BE42E3 /* Date+extension.swift */; };
		4DD4D7432A35EECE001315A8 /* AppDelegate.swift in Sources */ = {isa = PBXBuildFile; fileRef = 4DD4D7422A35EECE001315A8 /* AppDelegate.swift */; };
		4DD4D7452A35EECE001315A8 /* SceneDelegate.swift in Sources */ = {isa = PBXBuildFile; fileRef = 4DD4D7442A35EECE001315A8 /* SceneDelegate.swift */; };
		4DD4D74C2A35EED0001315A8 /* Assets.xcassets in Resources */ = {isa = PBXBuildFile; fileRef = 4DD4D74B2A35EED0001315A8 /* Assets.xcassets */; };
		4DD4D74F2A35EED0001315A8 /* LaunchScreen.storyboard in Resources */ = {isa = PBXBuildFile; fileRef = 4DD4D74D2A35EED0001315A8 /* LaunchScreen.storyboard */; };
/* End PBXBuildFile section */

/* Begin PBXFileReference section */
		4D300DE02A45A51C003814D4 /* TaskTextView.swift */ = {isa = PBXFileReference; lastKnownFileType = sourcecode.swift; path = TaskTextView.swift; sourceTree = "<group>"; };
		4D300DE22A45AB87003814D4 /* TaskStackView.swift */ = {isa = PBXFileReference; lastKnownFileType = sourcecode.swift; path = TaskStackView.swift; sourceTree = "<group>"; };
		4D68DF002A4FD41C008425FF /* spm */ = {isa = PBXFileReference; lastKnownFileType = wrapper; path = spm; sourceTree = "<group>"; };
		4D68F12B2A43385C003BEEC1 /* TaskViewController.swift */ = {isa = PBXFileReference; lastKnownFileType = sourcecode.swift; path = TaskViewController.swift; sourceTree = "<group>"; };
		4D86FE8D2A46738500BCA7AC /* DeleteButton.swift */ = {isa = PBXFileReference; lastKnownFileType = sourcecode.swift; path = DeleteButton.swift; sourceTree = "<group>"; };
		4D86FE922A46A58F00BCA7AC /* TasksLaunching.swift */ = {isa = PBXFileReference; lastKnownFileType = sourcecode.swift; path = TasksLaunching.swift; sourceTree = "<group>"; };
		4D86FE962A4A41D000BCA7AC /* MainScreenViewController.swift */ = {isa = PBXFileReference; lastKnownFileType = sourcecode.swift; path = MainScreenViewController.swift; sourceTree = "<group>"; };
		4D86FE982A4A441800BCA7AC /* ToDoTableView.swift */ = {isa = PBXFileReference; lastKnownFileType = sourcecode.swift; path = ToDoTableView.swift; sourceTree = "<group>"; };
		4D86FE9C2A4B191200BCA7AC /* TableViewCell.swift */ = {isa = PBXFileReference; lastKnownFileType = sourcecode.swift; path = TableViewCell.swift; sourceTree = "<group>"; };
		4D8B08C02A4B6294009332D5 /* HiddenTasksView.swift */ = {isa = PBXFileReference; lastKnownFileType = sourcecode.swift; path = HiddenTasksView.swift; sourceTree = "<group>"; };
		4D99EBC42A673EFB00D63555 /* SQLDatabase.swift */ = {isa = PBXFileReference; lastKnownFileType = sourcecode.swift; path = SQLDatabase.swift; sourceTree = "<group>"; };
		4D99EBC62A673FFD00D63555 /* FileCache.swift */ = {isa = PBXFileReference; lastKnownFileType = sourcecode.swift; path = FileCache.swift; sourceTree = "<group>"; };
		4D99EBCD2A67436E00D63555 /* TodoItem.swift */ = {isa = PBXFileReference; fileEncoding = 4; lastKnownFileType = sourcecode.swift; name = TodoItem.swift; path = Utils/TodoItem.swift; sourceTree = "<group>"; };
		4D99EBD22A67E1FC00D63555 /* mockData.swift */ = {isa = PBXFileReference; lastKnownFileType = sourcecode.swift; path = mockData.swift; sourceTree = "<group>"; };
		4DBA57A22A670B4900BE42E3 /* ToDoList_SwiftUI.app */ = {isa = PBXFileReference; explicitFileType = wrapper.application; includeInIndex = 0; path = ToDoList_SwiftUI.app; sourceTree = BUILT_PRODUCTS_DIR; };
		4DBA57A42A670B4900BE42E3 /* ToDoList_SwiftUIApp.swift */ = {isa = PBXFileReference; lastKnownFileType = sourcecode.swift; path = ToDoList_SwiftUIApp.swift; sourceTree = "<group>"; };
		4DBA57A62A670B4900BE42E3 /* ContentView.swift */ = {isa = PBXFileReference; lastKnownFileType = sourcecode.swift; path = ContentView.swift; sourceTree = "<group>"; };
		4DBA57AB2A670B4A00BE42E3 /* Preview Assets.xcassets */ = {isa = PBXFileReference; lastKnownFileType = folder.assetcatalog; path = "Preview Assets.xcassets"; sourceTree = "<group>"; };
		4DBA580E2A671B2800BE42E3 /* Date+extension.swift */ = {isa = PBXFileReference; fileEncoding = 4; lastKnownFileType = sourcecode.swift; path = "Date+extension.swift"; sourceTree = "<group>"; };
		4DBA58122A671B2800BE42E3 /* testNetwork.swift */ = {isa = PBXFileReference; fileEncoding = 4; lastKnownFileType = sourcecode.swift; path = testNetwork.swift; sourceTree = "<group>"; };
		4DBA58132A671B2800BE42E3 /* NetworkTodoItem.swift */ = {isa = PBXFileReference; fileEncoding = 4; lastKnownFileType = sourcecode.swift; path = NetworkTodoItem.swift; sourceTree = "<group>"; };
		4DBA58142A671B2800BE42E3 /* NetworkRequest.swift */ = {isa = PBXFileReference; fileEncoding = 4; lastKnownFileType = sourcecode.swift; path = NetworkRequest.swift; sourceTree = "<group>"; };
		4DBA58152A671B2800BE42E3 /* RequestType.swift */ = {isa = PBXFileReference; fileEncoding = 4; lastKnownFileType = sourcecode.swift; path = RequestType.swift; sourceTree = "<group>"; };
		4DBA58162A671B2800BE42E3 /* DefaultNetworkingService.swift */ = {isa = PBXFileReference; fileEncoding = 4; lastKnownFileType = sourcecode.swift; path = DefaultNetworkingService.swift; sourceTree = "<group>"; };
		4DBA58182A671B2800BE42E3 /* Constants.swift */ = {isa = PBXFileReference; fileEncoding = 4; lastKnownFileType = sourcecode.swift; path = Constants.swift; sourceTree = "<group>"; };
		4DBA58192A671B2800BE42E3 /* Images.swift */ = {isa = PBXFileReference; fileEncoding = 4; lastKnownFileType = sourcecode.swift; path = Images.swift; sourceTree = "<group>"; };
		4DBA581A2A671B2800BE42E3 /* ToDoErrors.swift */ = {isa = PBXFileReference; fileEncoding = 4; lastKnownFileType = sourcecode.swift; path = ToDoErrors.swift; sourceTree = "<group>"; };
		4DBA581B2A671B2800BE42E3 /* Colors.swift */ = {isa = PBXFileReference; fileEncoding = 4; lastKnownFileType = sourcecode.swift; path = Colors.swift; sourceTree = "<group>"; };
		4DBA581D2A671B2800BE42E3 /* testFile.json */ = {isa = PBXFileReference; fileEncoding = 4; lastKnownFileType = text.json; path = testFile.json; sourceTree = "<group>"; };
		4DBA581E2A671B2800BE42E3 /* testModels.swift */ = {isa = PBXFileReference; fileEncoding = 4; lastKnownFileType = sourcecode.swift; path = testModels.swift; sourceTree = "<group>"; };
		4DD4D73F2A35EECE001315A8 /* ToDoList.app */ = {isa = PBXFileReference; explicitFileType = wrapper.application; includeInIndex = 0; path = ToDoList.app; sourceTree = BUILT_PRODUCTS_DIR; };
		4DD4D7422A35EECE001315A8 /* AppDelegate.swift */ = {isa = PBXFileReference; lastKnownFileType = sourcecode.swift; path = AppDelegate.swift; sourceTree = "<group>"; };
		4DD4D7442A35EECE001315A8 /* SceneDelegate.swift */ = {isa = PBXFileReference; lastKnownFileType = sourcecode.swift; path = SceneDelegate.swift; sourceTree = "<group>"; };
		4DD4D74B2A35EED0001315A8 /* Assets.xcassets */ = {isa = PBXFileReference; lastKnownFileType = folder.assetcatalog; path = Assets.xcassets; sourceTree = "<group>"; };
		4DD4D74E2A35EED0001315A8 /* Base */ = {isa = PBXFileReference; lastKnownFileType = file.storyboard; name = Base; path = Base.lproj/LaunchScreen.storyboard; sourceTree = "<group>"; };
		4DD4D7502A35EED0001315A8 /* Info.plist */ = {isa = PBXFileReference; lastKnownFileType = text.plist.xml; path = Info.plist; sourceTree = "<group>"; };
/* End PBXFileReference section */

/* Begin PBXFrameworksBuildPhase section */
		4DBA579F2A670B4900BE42E3 /* Frameworks */ = {
			isa = PBXFrameworksBuildPhase;
			buildActionMask = 2147483647;
			files = (
				4D99EBD12A67441800D63555 /* spm in Frameworks */,
			);
			runOnlyForDeploymentPostprocessing = 0;
		};
		4DD4D73C2A35EECE001315A8 /* Frameworks */ = {
			isa = PBXFrameworksBuildPhase;
			buildActionMask = 2147483647;
			files = (
				4D9AA75D2A5E210C005AE348 /* SQLite in Frameworks */,
				4D68DF022A4FD635008425FF /* spm in Frameworks */,
				4D8B08CB2A4FBD6D009332D5 /* CocoaLumberjack in Frameworks */,
			);
			runOnlyForDeploymentPostprocessing = 0;
		};
/* End PBXFrameworksBuildPhase section */

/* Begin PBXGroup section */
		4D68DEFF2A4FD41C008425FF /* Packages */ = {
			isa = PBXGroup;
			children = (
				4D68DF002A4FD41C008425FF /* spm */,
			);
			name = Packages;
			sourceTree = "<group>";
		};
		4D68F12A2A4337BE003BEEC1 /* View */ = {
			isa = PBXGroup;
			children = (
				4D86FE9B2A4A443A00BCA7AC /* Task */,
				4D86FE9A2A4A442800BCA7AC /* Home */,
			);
			path = View;
			sourceTree = "<group>";
		};
		4D86FE912A46A4ED00BCA7AC /* Controller */ = {
			isa = PBXGroup;
			children = (
				4D86FE962A4A41D000BCA7AC /* MainScreenViewController.swift */,
				4D68F12B2A43385C003BEEC1 /* TaskViewController.swift */,
				4D86FE922A46A58F00BCA7AC /* TasksLaunching.swift */,
			);
			path = Controller;
			sourceTree = "<group>";
		};
		4D86FE9A2A4A442800BCA7AC /* Home */ = {
			isa = PBXGroup;
			children = (
				4D86FE982A4A441800BCA7AC /* ToDoTableView.swift */,
				4D86FE9C2A4B191200BCA7AC /* TableViewCell.swift */,
				4D8B08C02A4B6294009332D5 /* HiddenTasksView.swift */,
			);
			path = Home;
			sourceTree = "<group>";
		};
		4D86FE9B2A4A443A00BCA7AC /* Task */ = {
			isa = PBXGroup;
			children = (
				4D300DE22A45AB87003814D4 /* TaskStackView.swift */,
				4D300DE02A45A51C003814D4 /* TaskTextView.swift */,
				4D86FE8D2A46738500BCA7AC /* DeleteButton.swift */,
			);
			path = Task;
			sourceTree = "<group>";
		};
		4D99EBC32A673EFB00D63555 /* Database */ = {
			isa = PBXGroup;
			children = (
				4D99EBC42A673EFB00D63555 /* SQLDatabase.swift */,
			);
			path = Database;
			sourceTree = "<group>";
		};
		4D99EBCF2A67441800D63555 /* Frameworks */ = {
			isa = PBXGroup;
			children = (
			);
			name = Frameworks;
			sourceTree = "<group>";
		};
		4DBA57A32A670B4900BE42E3 /* ToDoList_SwiftUI */ = {
			isa = PBXGroup;
			children = (
				4DBA57B42A6714F800BE42E3 /* Mock */,
				4DBA57A42A670B4900BE42E3 /* ToDoList_SwiftUIApp.swift */,
				4DBA57A62A670B4900BE42E3 /* ContentView.swift */,
				4DBA57AA2A670B4A00BE42E3 /* Preview Content */,
			);
			path = ToDoList_SwiftUI;
			sourceTree = "<group>";
		};
		4DBA57AA2A670B4A00BE42E3 /* Preview Content */ = {
			isa = PBXGroup;
			children = (
				4DBA57AB2A670B4A00BE42E3 /* Preview Assets.xcassets */,
			);
			path = "Preview Content";
			sourceTree = "<group>";
		};
		4DBA57B42A6714F800BE42E3 /* Mock */ = {
			isa = PBXGroup;
			children = (
				4D99EBD22A67E1FC00D63555 /* mockData.swift */,
			);
			path = Mock;
			sourceTree = "<group>";
		};
		4DBA58092A671B2800BE42E3 /* Models */ = {
			isa = PBXGroup;
			children = (
				4D99EBC32A673EFB00D63555 /* Database */,
				4DBA580D2A671B2800BE42E3 /* Extension */,
				4DBA58112A671B2800BE42E3 /* Network */,
				4DBA58172A671B2800BE42E3 /* Utils */,
				4DBA581D2A671B2800BE42E3 /* testFile.json */,
				4D99EBCD2A67436E00D63555 /* TodoItem.swift */,
				4D99EBC62A673FFD00D63555 /* FileCache.swift */,
				4DBA581E2A671B2800BE42E3 /* testModels.swift */,
			);
			path = Models;
			sourceTree = "<group>";
		};
		4DBA580D2A671B2800BE42E3 /* Extension */ = {
			isa = PBXGroup;
			children = (
				4DBA580E2A671B2800BE42E3 /* Date+extension.swift */,
			);
			path = Extension;
			sourceTree = "<group>";
		};
		4DBA58112A671B2800BE42E3 /* Network */ = {
			isa = PBXGroup;
			children = (
				4DBA58122A671B2800BE42E3 /* testNetwork.swift */,
				4DBA58132A671B2800BE42E3 /* NetworkTodoItem.swift */,
				4DBA58142A671B2800BE42E3 /* NetworkRequest.swift */,
				4DBA58152A671B2800BE42E3 /* RequestType.swift */,
				4DBA58162A671B2800BE42E3 /* DefaultNetworkingService.swift */,
			);
			path = Network;
			sourceTree = "<group>";
		};
		4DBA58172A671B2800BE42E3 /* Utils */ = {
			isa = PBXGroup;
			children = (
				4DBA58182A671B2800BE42E3 /* Constants.swift */,
				4DBA58192A671B2800BE42E3 /* Images.swift */,
				4DBA581A2A671B2800BE42E3 /* ToDoErrors.swift */,
				4DBA581B2A671B2800BE42E3 /* Colors.swift */,
			);
			path = Utils;
			sourceTree = "<group>";
		};
		4DD4D7362A35EECE001315A8 = {
			isa = PBXGroup;
			children = (
				4D68DEFF2A4FD41C008425FF /* Packages */,
				4DD4D7412A35EECE001315A8 /* ToDoList */,
				4DBA57A32A670B4900BE42E3 /* ToDoList_SwiftUI */,
				4DD4D7402A35EECE001315A8 /* Products */,
				4D99EBCF2A67441800D63555 /* Frameworks */,
			);
			sourceTree = "<group>";
		};
		4DD4D7402A35EECE001315A8 /* Products */ = {
			isa = PBXGroup;
			children = (
				4DD4D73F2A35EECE001315A8 /* ToDoList.app */,
				4DBA57A22A670B4900BE42E3 /* ToDoList_SwiftUI.app */,
			);
			name = Products;
			sourceTree = "<group>";
		};
		4DD4D7412A35EECE001315A8 /* ToDoList */ = {
			isa = PBXGroup;
			children = (
				4DD4D7422A35EECE001315A8 /* AppDelegate.swift */,
				4DD4D7442A35EECE001315A8 /* SceneDelegate.swift */,
				4DBA58092A671B2800BE42E3 /* Models */,
				4D86FE912A46A4ED00BCA7AC /* Controller */,
				4D68F12A2A4337BE003BEEC1 /* View */,
				4DD4D74B2A35EED0001315A8 /* Assets.xcassets */,
				4DD4D74D2A35EED0001315A8 /* LaunchScreen.storyboard */,
				4DD4D7502A35EED0001315A8 /* Info.plist */,
			);
			path = ToDoList;
			sourceTree = "<group>";
		};
/* End PBXGroup section */

/* Begin PBXNativeTarget section */
		4DBA57A12A670B4900BE42E3 /* ToDoList_SwiftUI */ = {
			isa = PBXNativeTarget;
			buildConfigurationList = 4DBA57AD2A670B4A00BE42E3 /* Build configuration list for PBXNativeTarget "ToDoList_SwiftUI" */;
			buildPhases = (
				4DBA579E2A670B4900BE42E3 /* Sources */,
				4DBA579F2A670B4900BE42E3 /* Frameworks */,
				4DBA57A02A670B4900BE42E3 /* Resources */,
			);
			buildRules = (
			);
			dependencies = (
			);
			name = ToDoList_SwiftUI;
			packageProductDependencies = (
				4D99EBD02A67441800D63555 /* spm */,
			);
			productName = ToDoList_SwiftUI;
			productReference = 4DBA57A22A670B4900BE42E3 /* ToDoList_SwiftUI.app */;
			productType = "com.apple.product-type.application";
		};
		4DD4D73E2A35EECE001315A8 /* ToDoList */ = {
			isa = PBXNativeTarget;
			buildConfigurationList = 4DD4D7532A35EED0001315A8 /* Build configuration list for PBXNativeTarget "ToDoList" */;
			buildPhases = (
				4DD4D73B2A35EECE001315A8 /* Sources */,
				4DD4D73C2A35EECE001315A8 /* Frameworks */,
				4DD4D73D2A35EECE001315A8 /* Resources */,
			);
			buildRules = (
			);
			dependencies = (
			);
			name = ToDoList;
			packageProductDependencies = (
				4D8B08CA2A4FBD6D009332D5 /* CocoaLumberjack */,
				4D68DF012A4FD635008425FF /* spm */,
				4D9AA75C2A5E210C005AE348 /* SQLite */,
			);
			productName = ToDoList;
			productReference = 4DD4D73F2A35EECE001315A8 /* ToDoList.app */;
			productType = "com.apple.product-type.application";
		};
/* End PBXNativeTarget section */

/* Begin PBXProject section */
		4DD4D7372A35EECE001315A8 /* Project object */ = {
			isa = PBXProject;
			attributes = {
				BuildIndependentTargetsInParallel = 1;
				LastSwiftUpdateCheck = 1430;
				LastUpgradeCheck = 1430;
				TargetAttributes = {
					4DBA57A12A670B4900BE42E3 = {
						CreatedOnToolsVersion = 14.3;
					};
					4DD4D73E2A35EECE001315A8 = {
						CreatedOnToolsVersion = 14.3;
					};
				};
			};
			buildConfigurationList = 4DD4D73A2A35EECE001315A8 /* Build configuration list for PBXProject "ToDoList" */;
			compatibilityVersion = "Xcode 14.0";
			developmentRegion = en;
			hasScannedForEncodings = 0;
			knownRegions = (
				en,
				Base,
			);
			mainGroup = 4DD4D7362A35EECE001315A8;
			packageReferences = (
				4D8B08C92A4FBD6D009332D5 /* XCRemoteSwiftPackageReference "CocoaLumberjack" */,
				4D9AA75B2A5E210C005AE348 /* XCRemoteSwiftPackageReference "SQLite" */,
			);
			productRefGroup = 4DD4D7402A35EECE001315A8 /* Products */;
			projectDirPath = "";
			projectRoot = "";
			targets = (
				4DD4D73E2A35EECE001315A8 /* ToDoList */,
				4DBA57A12A670B4900BE42E3 /* ToDoList_SwiftUI */,
			);
		};
/* End PBXProject section */

/* Begin PBXResourcesBuildPhase section */
		4DBA57A02A670B4900BE42E3 /* Resources */ = {
			isa = PBXResourcesBuildPhase;
			buildActionMask = 2147483647;
			files = (
				4DBA57AC2A670B4A00BE42E3 /* Preview Assets.xcassets in Resources */,
				4D7509212A67F65E007D5C66 /* Assets.xcassets in Resources */,
			);
			runOnlyForDeploymentPostprocessing = 0;
		};
		4DD4D73D2A35EECE001315A8 /* Resources */ = {
			isa = PBXResourcesBuildPhase;
			buildActionMask = 2147483647;
			files = (
				4DD4D74F2A35EED0001315A8 /* LaunchScreen.storyboard in Resources */,
				4DBA58342A671E4000BE42E3 /* testFile.json in Resources */,
				4DD4D74C2A35EED0001315A8 /* Assets.xcassets in Resources */,
			);
			runOnlyForDeploymentPostprocessing = 0;
		};
/* End PBXResourcesBuildPhase section */

/* Begin PBXSourcesBuildPhase section */
		4DBA579E2A670B4900BE42E3 /* Sources */ = {
			isa = PBXSourcesBuildPhase;
			buildActionMask = 2147483647;
			files = (
				4DBA57A72A670B4900BE42E3 /* ContentView.swift in Sources */,
				4D7509222A67F786007D5C66 /* Date+extension.swift in Sources */,
				4D99EBD32A67E1FC00D63555 /* mockData.swift in Sources */,
				4D8342C72A67FD6100127508 /* Colors.swift in Sources */,
				4D7509202A67F5C8007D5C66 /* Images.swift in Sources */,
				4D7509232A67F7CE007D5C66 /* TodoItem.swift in Sources */,
				4DBA57A52A670B4900BE42E3 /* ToDoList_SwiftUIApp.swift in Sources */,
				4D5371AB2A68875D00D01991 /* Constants.swift in Sources */,
			);
			runOnlyForDeploymentPostprocessing = 0;
		};
		4DD4D73B2A35EECE001315A8 /* Sources */ = {
			isa = PBXSourcesBuildPhase;
			buildActionMask = 2147483647;
			files = (
				4D86FE932A46A58F00BCA7AC /* TasksLaunching.swift in Sources */,
				4DBA58382A671E5700BE42E3 /* DefaultNetworkingService.swift in Sources */,
				4DBA58332A671E3B00BE42E3 /* ToDoErrors.swift in Sources */,
				4DBA58302A671E1D00BE42E3 /* Colors.swift in Sources */,
				4DBA583A2A671E5700BE42E3 /* NetworkTodoItem.swift in Sources */,
				4D300DE12A45A51C003814D4 /* TaskTextView.swift in Sources */,
				4D300DE32A45AB87003814D4 /* TaskStackView.swift in Sources */,
				4D68F12C2A43385C003BEEC1 /* TaskViewController.swift in Sources */,
				4D86FE9D2A4B191200BCA7AC /* TableViewCell.swift in Sources */,
				4D86FE972A4A41D100BCA7AC /* MainScreenViewController.swift in Sources */,
				4DBA583C2A671E7000BE42E3 /* Date+extension.swift in Sources */,
				4DBA58322A671E3700BE42E3 /* Images.swift in Sources */,
				4DBA58312A671E3400BE42E3 /* Constants.swift in Sources */,
				4D99EBCE2A67436E00D63555 /* TodoItem.swift in Sources */,
				4D86FE8E2A46738500BCA7AC /* DeleteButton.swift in Sources */,
				4D86FE992A4A441800BCA7AC /* ToDoTableView.swift in Sources */,
				4DD4D7432A35EECE001315A8 /* AppDelegate.swift in Sources */,
				4D8B08C12A4B6294009332D5 /* HiddenTasksView.swift in Sources */,
				4D99EBC72A673FFD00D63555 /* FileCache.swift in Sources */,
				4DD4D7452A35EECE001315A8 /* SceneDelegate.swift in Sources */,
				4DBA58352A671E4500BE42E3 /* testModels.swift in Sources */,
				4DBA58362A671E5700BE42E3 /* NetworkRequest.swift in Sources */,
				4DBA58392A671E5700BE42E3 /* testNetwork.swift in Sources */,
				4DBA58372A671E5700BE42E3 /* RequestType.swift in Sources */,
				4D99EBC92A6740A900D63555 /* SQLDatabase.swift in Sources */,
			);
			runOnlyForDeploymentPostprocessing = 0;
		};
/* End PBXSourcesBuildPhase section */

/* Begin PBXVariantGroup section */
		4DD4D74D2A35EED0001315A8 /* LaunchScreen.storyboard */ = {
			isa = PBXVariantGroup;
			children = (
				4DD4D74E2A35EED0001315A8 /* Base */,
			);
			name = LaunchScreen.storyboard;
			sourceTree = "<group>";
		};
/* End PBXVariantGroup section */

/* Begin XCBuildConfiguration section */
		4DBA57AE2A670B4A00BE42E3 /* Debug */ = {
			isa = XCBuildConfiguration;
			buildSettings = {
				ASSETCATALOG_COMPILER_APPICON_NAME = AppIcon;
				ASSETCATALOG_COMPILER_GLOBAL_ACCENT_COLOR_NAME = AccentColor;
				CODE_SIGN_STYLE = Automatic;
				CURRENT_PROJECT_VERSION = 1;
				DEVELOPMENT_ASSET_PATHS = "\"ToDoList_SwiftUI/Preview Content\"";
				DEVELOPMENT_TEAM = ZZBK95VC53;
				ENABLE_PREVIEWS = YES;
				GENERATE_INFOPLIST_FILE = YES;
				INFOPLIST_KEY_UIApplicationSceneManifest_Generation = YES;
				INFOPLIST_KEY_UIApplicationSupportsIndirectInputEvents = YES;
				INFOPLIST_KEY_UILaunchScreen_Generation = YES;
				INFOPLIST_KEY_UISupportedInterfaceOrientations_iPad = "UIInterfaceOrientationPortrait UIInterfaceOrientationPortraitUpsideDown UIInterfaceOrientationLandscapeLeft UIInterfaceOrientationLandscapeRight";
				INFOPLIST_KEY_UISupportedInterfaceOrientations_iPhone = "UIInterfaceOrientationPortrait UIInterfaceOrientationLandscapeLeft UIInterfaceOrientationLandscapeRight";
				LD_RUNPATH_SEARCH_PATHS = (
					"$(inherited)",
					"@executable_path/Frameworks",
				);
				MARKETING_VERSION = 1.0;
				PRODUCT_BUNDLE_IDENTIFIER = "aliya.ToDoList-SwiftUI";
				PRODUCT_NAME = "$(TARGET_NAME)";
				SWIFT_EMIT_LOC_STRINGS = YES;
				SWIFT_VERSION = 5.0;
				TARGETED_DEVICE_FAMILY = "1,2";
			};
			name = Debug;
		};
		4DBA57AF2A670B4A00BE42E3 /* Release */ = {
			isa = XCBuildConfiguration;
			buildSettings = {
				ASSETCATALOG_COMPILER_APPICON_NAME = AppIcon;
				ASSETCATALOG_COMPILER_GLOBAL_ACCENT_COLOR_NAME = AccentColor;
				CODE_SIGN_STYLE = Automatic;
				CURRENT_PROJECT_VERSION = 1;
				DEVELOPMENT_ASSET_PATHS = "\"ToDoList_SwiftUI/Preview Content\"";
				DEVELOPMENT_TEAM = ZZBK95VC53;
				ENABLE_PREVIEWS = YES;
				GENERATE_INFOPLIST_FILE = YES;
				INFOPLIST_KEY_UIApplicationSceneManifest_Generation = YES;
				INFOPLIST_KEY_UIApplicationSupportsIndirectInputEvents = YES;
				INFOPLIST_KEY_UILaunchScreen_Generation = YES;
				INFOPLIST_KEY_UISupportedInterfaceOrientations_iPad = "UIInterfaceOrientationPortrait UIInterfaceOrientationPortraitUpsideDown UIInterfaceOrientationLandscapeLeft UIInterfaceOrientationLandscapeRight";
				INFOPLIST_KEY_UISupportedInterfaceOrientations_iPhone = "UIInterfaceOrientationPortrait UIInterfaceOrientationLandscapeLeft UIInterfaceOrientationLandscapeRight";
				LD_RUNPATH_SEARCH_PATHS = (
					"$(inherited)",
					"@executable_path/Frameworks",
				);
				MARKETING_VERSION = 1.0;
				PRODUCT_BUNDLE_IDENTIFIER = "aliya.ToDoList-SwiftUI";
				PRODUCT_NAME = "$(TARGET_NAME)";
				SWIFT_EMIT_LOC_STRINGS = YES;
				SWIFT_VERSION = 5.0;
				TARGETED_DEVICE_FAMILY = "1,2";
			};
			name = Release;
		};
		4DD4D7512A35EED0001315A8 /* Debug */ = {
			isa = XCBuildConfiguration;
			buildSettings = {
				ALWAYS_SEARCH_USER_PATHS = NO;
				CLANG_ANALYZER_NONNULL = YES;
				CLANG_ANALYZER_NUMBER_OBJECT_CONVERSION = YES_AGGRESSIVE;
				CLANG_CXX_LANGUAGE_STANDARD = "gnu++20";
				CLANG_ENABLE_MODULES = YES;
				CLANG_ENABLE_OBJC_ARC = YES;
				CLANG_ENABLE_OBJC_WEAK = YES;
				CLANG_WARN_BLOCK_CAPTURE_AUTORELEASING = YES;
				CLANG_WARN_BOOL_CONVERSION = YES;
				CLANG_WARN_COMMA = YES;
				CLANG_WARN_CONSTANT_CONVERSION = YES;
				CLANG_WARN_DEPRECATED_OBJC_IMPLEMENTATIONS = YES;
				CLANG_WARN_DIRECT_OBJC_ISA_USAGE = YES_ERROR;
				CLANG_WARN_DOCUMENTATION_COMMENTS = YES;
				CLANG_WARN_EMPTY_BODY = YES;
				CLANG_WARN_ENUM_CONVERSION = YES;
				CLANG_WARN_INFINITE_RECURSION = YES;
				CLANG_WARN_INT_CONVERSION = YES;
				CLANG_WARN_NON_LITERAL_NULL_CONVERSION = YES;
				CLANG_WARN_OBJC_IMPLICIT_RETAIN_SELF = YES;
				CLANG_WARN_OBJC_LITERAL_CONVERSION = YES;
				CLANG_WARN_OBJC_ROOT_CLASS = YES_ERROR;
				CLANG_WARN_QUOTED_INCLUDE_IN_FRAMEWORK_HEADER = YES;
				CLANG_WARN_RANGE_LOOP_ANALYSIS = YES;
				CLANG_WARN_STRICT_PROTOTYPES = YES;
				CLANG_WARN_SUSPICIOUS_MOVE = YES;
				CLANG_WARN_UNGUARDED_AVAILABILITY = YES_AGGRESSIVE;
				CLANG_WARN_UNREACHABLE_CODE = YES;
				CLANG_WARN__DUPLICATE_METHOD_MATCH = YES;
				COPY_PHASE_STRIP = NO;
				DEBUG_INFORMATION_FORMAT = dwarf;
				ENABLE_STRICT_OBJC_MSGSEND = YES;
				ENABLE_TESTABILITY = YES;
				GCC_C_LANGUAGE_STANDARD = gnu11;
				GCC_DYNAMIC_NO_PIC = NO;
				GCC_NO_COMMON_BLOCKS = YES;
				GCC_OPTIMIZATION_LEVEL = 0;
				GCC_PREPROCESSOR_DEFINITIONS = (
					"DEBUG=1",
					"$(inherited)",
				);
				GCC_WARN_64_TO_32_BIT_CONVERSION = YES;
				GCC_WARN_ABOUT_RETURN_TYPE = YES_ERROR;
				GCC_WARN_UNDECLARED_SELECTOR = YES;
				GCC_WARN_UNINITIALIZED_AUTOS = YES_AGGRESSIVE;
				GCC_WARN_UNUSED_FUNCTION = YES;
				GCC_WARN_UNUSED_VARIABLE = YES;
				IPHONEOS_DEPLOYMENT_TARGET = 16.4;
				MTL_ENABLE_DEBUG_INFO = INCLUDE_SOURCE;
				MTL_FAST_MATH = YES;
				ONLY_ACTIVE_ARCH = YES;
				SDKROOT = iphoneos;
				SWIFT_ACTIVE_COMPILATION_CONDITIONS = DEBUG;
				SWIFT_OPTIMIZATION_LEVEL = "-Onone";
			};
			name = Debug;
		};
		4DD4D7522A35EED0001315A8 /* Release */ = {
			isa = XCBuildConfiguration;
			buildSettings = {
				ALWAYS_SEARCH_USER_PATHS = NO;
				CLANG_ANALYZER_NONNULL = YES;
				CLANG_ANALYZER_NUMBER_OBJECT_CONVERSION = YES_AGGRESSIVE;
				CLANG_CXX_LANGUAGE_STANDARD = "gnu++20";
				CLANG_ENABLE_MODULES = YES;
				CLANG_ENABLE_OBJC_ARC = YES;
				CLANG_ENABLE_OBJC_WEAK = YES;
				CLANG_WARN_BLOCK_CAPTURE_AUTORELEASING = YES;
				CLANG_WARN_BOOL_CONVERSION = YES;
				CLANG_WARN_COMMA = YES;
				CLANG_WARN_CONSTANT_CONVERSION = YES;
				CLANG_WARN_DEPRECATED_OBJC_IMPLEMENTATIONS = YES;
				CLANG_WARN_DIRECT_OBJC_ISA_USAGE = YES_ERROR;
				CLANG_WARN_DOCUMENTATION_COMMENTS = YES;
				CLANG_WARN_EMPTY_BODY = YES;
				CLANG_WARN_ENUM_CONVERSION = YES;
				CLANG_WARN_INFINITE_RECURSION = YES;
				CLANG_WARN_INT_CONVERSION = YES;
				CLANG_WARN_NON_LITERAL_NULL_CONVERSION = YES;
				CLANG_WARN_OBJC_IMPLICIT_RETAIN_SELF = YES;
				CLANG_WARN_OBJC_LITERAL_CONVERSION = YES;
				CLANG_WARN_OBJC_ROOT_CLASS = YES_ERROR;
				CLANG_WARN_QUOTED_INCLUDE_IN_FRAMEWORK_HEADER = YES;
				CLANG_WARN_RANGE_LOOP_ANALYSIS = YES;
				CLANG_WARN_STRICT_PROTOTYPES = YES;
				CLANG_WARN_SUSPICIOUS_MOVE = YES;
				CLANG_WARN_UNGUARDED_AVAILABILITY = YES_AGGRESSIVE;
				CLANG_WARN_UNREACHABLE_CODE = YES;
				CLANG_WARN__DUPLICATE_METHOD_MATCH = YES;
				COPY_PHASE_STRIP = NO;
				DEBUG_INFORMATION_FORMAT = "dwarf-with-dsym";
				ENABLE_NS_ASSERTIONS = NO;
				ENABLE_STRICT_OBJC_MSGSEND = YES;
				GCC_C_LANGUAGE_STANDARD = gnu11;
				GCC_NO_COMMON_BLOCKS = YES;
				GCC_WARN_64_TO_32_BIT_CONVERSION = YES;
				GCC_WARN_ABOUT_RETURN_TYPE = YES_ERROR;
				GCC_WARN_UNDECLARED_SELECTOR = YES;
				GCC_WARN_UNINITIALIZED_AUTOS = YES_AGGRESSIVE;
				GCC_WARN_UNUSED_FUNCTION = YES;
				GCC_WARN_UNUSED_VARIABLE = YES;
				IPHONEOS_DEPLOYMENT_TARGET = 16.4;
				MTL_ENABLE_DEBUG_INFO = NO;
				MTL_FAST_MATH = YES;
				SDKROOT = iphoneos;
				SWIFT_COMPILATION_MODE = wholemodule;
				SWIFT_OPTIMIZATION_LEVEL = "-Onone";
				VALIDATE_PRODUCT = YES;
			};
			name = Release;
		};
		4DD4D7542A35EED0001315A8 /* Debug */ = {
			isa = XCBuildConfiguration;
			buildSettings = {
				ASSETCATALOG_COMPILER_APPICON_NAME = AppIcon;
				ASSETCATALOG_COMPILER_GLOBAL_ACCENT_COLOR_NAME = AccentColor;
				CODE_SIGN_STYLE = Automatic;
				CURRENT_PROJECT_VERSION = 1;
				DEVELOPMENT_TEAM = ZZBK95VC53;
				GENERATE_INFOPLIST_FILE = YES;
				INFOPLIST_FILE = ToDoList/Info.plist;
				INFOPLIST_KEY_UIApplicationSupportsIndirectInputEvents = YES;
				INFOPLIST_KEY_UILaunchStoryboardName = LaunchScreen;
				INFOPLIST_KEY_UISupportedInterfaceOrientations_iPad = "UIInterfaceOrientationPortrait UIInterfaceOrientationPortraitUpsideDown UIInterfaceOrientationLandscapeLeft UIInterfaceOrientationLandscapeRight";
				INFOPLIST_KEY_UISupportedInterfaceOrientations_iPhone = "UIInterfaceOrientationPortrait UIInterfaceOrientationLandscapeLeft UIInterfaceOrientationLandscapeRight";
				IPHONEOS_DEPLOYMENT_TARGET = 16.0;
				LD_RUNPATH_SEARCH_PATHS = (
					"$(inherited)",
					"@executable_path/Frameworks",
				);
				MARKETING_VERSION = 1.0;
				PRODUCT_BUNDLE_IDENTIFIER = aliya.ToDoList;
				PRODUCT_NAME = "$(TARGET_NAME)";
				SWIFT_EMIT_LOC_STRINGS = YES;
				SWIFT_VERSION = 5.0;
				TARGETED_DEVICE_FAMILY = "1,2";
			};
			name = Debug;
		};
		4DD4D7552A35EED0001315A8 /* Release */ = {
			isa = XCBuildConfiguration;
			buildSettings = {
				ASSETCATALOG_COMPILER_APPICON_NAME = AppIcon;
				ASSETCATALOG_COMPILER_GLOBAL_ACCENT_COLOR_NAME = AccentColor;
				CODE_SIGN_STYLE = Manual;
				CURRENT_PROJECT_VERSION = 1;
				DEVELOPMENT_TEAM = "";
				GENERATE_INFOPLIST_FILE = YES;
				INFOPLIST_FILE = ToDoList/Info.plist;
				INFOPLIST_KEY_UIApplicationSupportsIndirectInputEvents = YES;
				INFOPLIST_KEY_UILaunchStoryboardName = LaunchScreen;
				INFOPLIST_KEY_UISupportedInterfaceOrientations_iPad = "UIInterfaceOrientationPortrait UIInterfaceOrientationPortraitUpsideDown UIInterfaceOrientationLandscapeLeft UIInterfaceOrientationLandscapeRight";
				INFOPLIST_KEY_UISupportedInterfaceOrientations_iPhone = "UIInterfaceOrientationPortrait UIInterfaceOrientationLandscapeLeft UIInterfaceOrientationLandscapeRight";
				IPHONEOS_DEPLOYMENT_TARGET = 16.0;
				LD_RUNPATH_SEARCH_PATHS = (
					"$(inherited)",
					"@executable_path/Frameworks",
				);
				MARKETING_VERSION = 1.0;
				PRODUCT_BUNDLE_IDENTIFIER = aliya.ToDoList;
				PRODUCT_NAME = "$(TARGET_NAME)";
				PROVISIONING_PROFILE_SPECIFIER = "";
				SWIFT_EMIT_LOC_STRINGS = YES;
				SWIFT_VERSION = 5.0;
				TARGETED_DEVICE_FAMILY = "1,2";
			};
			name = Release;
		};
/* End XCBuildConfiguration section */

/* Begin XCConfigurationList section */
		4DBA57AD2A670B4A00BE42E3 /* Build configuration list for PBXNativeTarget "ToDoList_SwiftUI" */ = {
			isa = XCConfigurationList;
			buildConfigurations = (
				4DBA57AE2A670B4A00BE42E3 /* Debug */,
				4DBA57AF2A670B4A00BE42E3 /* Release */,
			);
			defaultConfigurationIsVisible = 0;
			defaultConfigurationName = Release;
		};
		4DD4D73A2A35EECE001315A8 /* Build configuration list for PBXProject "ToDoList" */ = {
			isa = XCConfigurationList;
			buildConfigurations = (
				4DD4D7512A35EED0001315A8 /* Debug */,
				4DD4D7522A35EED0001315A8 /* Release */,
			);
			defaultConfigurationIsVisible = 0;
			defaultConfigurationName = Release;
		};
		4DD4D7532A35EED0001315A8 /* Build configuration list for PBXNativeTarget "ToDoList" */ = {
			isa = XCConfigurationList;
			buildConfigurations = (
				4DD4D7542A35EED0001315A8 /* Debug */,
				4DD4D7552A35EED0001315A8 /* Release */,
			);
			defaultConfigurationIsVisible = 0;
			defaultConfigurationName = Release;
		};
/* End XCConfigurationList section */

/* Begin XCRemoteSwiftPackageReference section */
		4D8B08C92A4FBD6D009332D5 /* XCRemoteSwiftPackageReference "CocoaLumberjack" */ = {
			isa = XCRemoteSwiftPackageReference;
			repositoryURL = "https://github.com/CocoaLumberjack/CocoaLumberjack";
			requirement = {
				kind = upToNextMajorVersion;
				minimumVersion = 3.0.0;
			};
		};
		4D9AA75B2A5E210C005AE348 /* XCRemoteSwiftPackageReference "SQLite" */ = {
			isa = XCRemoteSwiftPackageReference;
			repositoryURL = "https://github.com/stephencelis/SQLite.swift";
			requirement = {
				kind = upToNextMajorVersion;
				minimumVersion = 0.14.1;
			};
		};
/* End XCRemoteSwiftPackageReference section */

/* Begin XCSwiftPackageProductDependency section */
		4D68DF012A4FD635008425FF /* spm */ = {
			isa = XCSwiftPackageProductDependency;
			productName = spm;
		};
		4D8B08CA2A4FBD6D009332D5 /* CocoaLumberjack */ = {
			isa = XCSwiftPackageProductDependency;
			package = 4D8B08C92A4FBD6D009332D5 /* XCRemoteSwiftPackageReference "CocoaLumberjack" */;
			productName = CocoaLumberjack;
		};
		4D99EBD02A67441800D63555 /* spm */ = {
			isa = XCSwiftPackageProductDependency;
			productName = spm;
		};
		4D9AA75C2A5E210C005AE348 /* SQLite */ = {
			isa = XCSwiftPackageProductDependency;
			package = 4D9AA75B2A5E210C005AE348 /* XCRemoteSwiftPackageReference "SQLite" */;
			productName = SQLite;
		};
/* End XCSwiftPackageProductDependency section */
	};
	rootObject = 4DD4D7372A35EECE001315A8 /* Project object */;
}
