// !$*UTF8*$!
{
	archiveVersion = 1;
	classes = {
	};
	objectVersion = 56;
	objects = {

/* Begin PBXBuildFile section */
		4D300DE12A45A51C003814D4 /* TaskTextView.swift in Sources */ = {isa = PBXBuildFile; fileRef = 4D300DE02A45A51C003814D4 /* TaskTextView.swift */; };
		4D300DE32A45AB87003814D4 /* TaskStackView.swift in Sources */ = {isa = PBXBuildFile; fileRef = 4D300DE22A45AB87003814D4 /* TaskStackView.swift */; };
		4D3EB9C82A4FDA8200B2D693 /* FileCache.swift in Sources */ = {isa = PBXBuildFile; fileRef = 4D3EB9C62A4FDA8200B2D693 /* FileCache.swift */; };
		4D3EB9C92A4FDA8200B2D693 /* TodoItem.swift in Sources */ = {isa = PBXBuildFile; fileRef = 4D3EB9C72A4FDA8200B2D693 /* TodoItem.swift */; };
		4D68DF022A4FD635008425FF /* spm in Frameworks */ = {isa = PBXBuildFile; productRef = 4D68DF012A4FD635008425FF /* spm */; };
		4D68F12C2A43385C003BEEC1 /* TaskViewController.swift in Sources */ = {isa = PBXBuildFile; fileRef = 4D68F12B2A43385C003BEEC1 /* TaskViewController.swift */; };
		4D86FE8E2A46738500BCA7AC /* DeleteButton.swift in Sources */ = {isa = PBXBuildFile; fileRef = 4D86FE8D2A46738500BCA7AC /* DeleteButton.swift */; };
		4D86FE902A46A47B00BCA7AC /* testFile.json in Resources */ = {isa = PBXBuildFile; fileRef = 4D86FE8F2A46A47B00BCA7AC /* testFile.json */; };
		4D86FE932A46A58F00BCA7AC /* TasksLaunching.swift in Sources */ = {isa = PBXBuildFile; fileRef = 4D86FE922A46A58F00BCA7AC /* TasksLaunching.swift */; };
		4D86FE972A4A41D100BCA7AC /* MainScreenViewController.swift in Sources */ = {isa = PBXBuildFile; fileRef = 4D86FE962A4A41D000BCA7AC /* MainScreenViewController.swift */; };
		4D86FE992A4A441800BCA7AC /* ToDoTableView.swift in Sources */ = {isa = PBXBuildFile; fileRef = 4D86FE982A4A441800BCA7AC /* ToDoTableView.swift */; };
		4D86FE9D2A4B191200BCA7AC /* TableViewCell.swift in Sources */ = {isa = PBXBuildFile; fileRef = 4D86FE9C2A4B191200BCA7AC /* TableViewCell.swift */; };
		4D8B08BF2A4B5877009332D5 /* Constants.swift in Sources */ = {isa = PBXBuildFile; fileRef = 4D8B08BE2A4B5877009332D5 /* Constants.swift */; };
		4D8B08C12A4B6294009332D5 /* HiddenTasksView.swift in Sources */ = {isa = PBXBuildFile; fileRef = 4D8B08C02A4B6294009332D5 /* HiddenTasksView.swift */; };
		4D8B08C42A4D9165009332D5 /* Images.swift in Sources */ = {isa = PBXBuildFile; fileRef = 4D8B08C32A4D9165009332D5 /* Images.swift */; };
		4D8B08C62A4DF8D4009332D5 /* Colors.swift in Sources */ = {isa = PBXBuildFile; fileRef = 4D8B08C52A4DF8D4009332D5 /* Colors.swift */; };
		4D8B08C82A4FA61B009332D5 /* ToDoErrors.swift in Sources */ = {isa = PBXBuildFile; fileRef = 4D8B08C72A4FA61B009332D5 /* ToDoErrors.swift */; };
		4D8B08CB2A4FBD6D009332D5 /* CocoaLumberjack in Frameworks */ = {isa = PBXBuildFile; productRef = 4D8B08CA2A4FBD6D009332D5 /* CocoaLumberjack */; };
		4DD4D7432A35EECE001315A8 /* AppDelegate.swift in Sources */ = {isa = PBXBuildFile; fileRef = 4DD4D7422A35EECE001315A8 /* AppDelegate.swift */; };
		4DD4D7452A35EECE001315A8 /* SceneDelegate.swift in Sources */ = {isa = PBXBuildFile; fileRef = 4DD4D7442A35EECE001315A8 /* SceneDelegate.swift */; };
		4DD4D74C2A35EED0001315A8 /* Assets.xcassets in Resources */ = {isa = PBXBuildFile; fileRef = 4DD4D74B2A35EED0001315A8 /* Assets.xcassets */; };
		4DD4D74F2A35EED0001315A8 /* LaunchScreen.storyboard in Resources */ = {isa = PBXBuildFile; fileRef = 4DD4D74D2A35EED0001315A8 /* LaunchScreen.storyboard */; };
/* End PBXBuildFile section */

/* Begin PBXFileReference section */
		4D300DE02A45A51C003814D4 /* TaskTextView.swift */ = {isa = PBXFileReference; lastKnownFileType = sourcecode.swift; path = TaskTextView.swift; sourceTree = "<group>"; };
		4D300DE22A45AB87003814D4 /* TaskStackView.swift */ = {isa = PBXFileReference; lastKnownFileType = sourcecode.swift; path = TaskStackView.swift; sourceTree = "<group>"; };
		4D3EB9C62A4FDA8200B2D693 /* FileCache.swift */ = {isa = PBXFileReference; lastKnownFileType = sourcecode.swift; path = FileCache.swift; sourceTree = "<group>"; };
		4D3EB9C72A4FDA8200B2D693 /* TodoItem.swift */ = {isa = PBXFileReference; lastKnownFileType = sourcecode.swift; path = TodoItem.swift; sourceTree = "<group>"; };
		4D68DF002A4FD41C008425FF /* spm */ = {isa = PBXFileReference; lastKnownFileType = wrapper; path = spm; sourceTree = "<group>"; };
		4D68F12B2A43385C003BEEC1 /* TaskViewController.swift */ = {isa = PBXFileReference; lastKnownFileType = sourcecode.swift; path = TaskViewController.swift; sourceTree = "<group>"; };
		4D86FE8D2A46738500BCA7AC /* DeleteButton.swift */ = {isa = PBXFileReference; lastKnownFileType = sourcecode.swift; path = DeleteButton.swift; sourceTree = "<group>"; };
		4D86FE8F2A46A47B00BCA7AC /* testFile.json */ = {isa = PBXFileReference; fileEncoding = 4; lastKnownFileType = text.json; path = testFile.json; sourceTree = "<group>"; };
		4D86FE922A46A58F00BCA7AC /* TasksLaunching.swift */ = {isa = PBXFileReference; lastKnownFileType = sourcecode.swift; path = TasksLaunching.swift; sourceTree = "<group>"; };
		4D86FE962A4A41D000BCA7AC /* MainScreenViewController.swift */ = {isa = PBXFileReference; lastKnownFileType = sourcecode.swift; path = MainScreenViewController.swift; sourceTree = "<group>"; };
		4D86FE982A4A441800BCA7AC /* ToDoTableView.swift */ = {isa = PBXFileReference; lastKnownFileType = sourcecode.swift; path = ToDoTableView.swift; sourceTree = "<group>"; };
		4D86FE9C2A4B191200BCA7AC /* TableViewCell.swift */ = {isa = PBXFileReference; lastKnownFileType = sourcecode.swift; path = TableViewCell.swift; sourceTree = "<group>"; };
		4D8B08BE2A4B5877009332D5 /* Constants.swift */ = {isa = PBXFileReference; lastKnownFileType = sourcecode.swift; path = Constants.swift; sourceTree = "<group>"; };
		4D8B08C02A4B6294009332D5 /* HiddenTasksView.swift */ = {isa = PBXFileReference; lastKnownFileType = sourcecode.swift; path = HiddenTasksView.swift; sourceTree = "<group>"; };
		4D8B08C32A4D9165009332D5 /* Images.swift */ = {isa = PBXFileReference; lastKnownFileType = sourcecode.swift; path = Images.swift; sourceTree = "<group>"; };
		4D8B08C52A4DF8D4009332D5 /* Colors.swift */ = {isa = PBXFileReference; lastKnownFileType = sourcecode.swift; path = Colors.swift; sourceTree = "<group>"; };
		4D8B08C72A4FA61B009332D5 /* ToDoErrors.swift */ = {isa = PBXFileReference; lastKnownFileType = sourcecode.swift; path = ToDoErrors.swift; sourceTree = "<group>"; };
		4DD4D73F2A35EECE001315A8 /* ToDoList.app */ = {isa = PBXFileReference; explicitFileType = wrapper.application; includeInIndex = 0; path = ToDoList.app; sourceTree = BUILT_PRODUCTS_DIR; };
		4DD4D7422A35EECE001315A8 /* AppDelegate.swift */ = {isa = PBXFileReference; lastKnownFileType = sourcecode.swift; path = AppDelegate.swift; sourceTree = "<group>"; };
		4DD4D7442A35EECE001315A8 /* SceneDelegate.swift */ = {isa = PBXFileReference; lastKnownFileType = sourcecode.swift; path = SceneDelegate.swift; sourceTree = "<group>"; };
		4DD4D74B2A35EED0001315A8 /* Assets.xcassets */ = {isa = PBXFileReference; lastKnownFileType = folder.assetcatalog; path = Assets.xcassets; sourceTree = "<group>"; };
		4DD4D74E2A35EED0001315A8 /* Base */ = {isa = PBXFileReference; lastKnownFileType = file.storyboard; name = Base; path = Base.lproj/LaunchScreen.storyboard; sourceTree = "<group>"; };
		4DD4D7502A35EED0001315A8 /* Info.plist */ = {isa = PBXFileReference; lastKnownFileType = text.plist.xml; path = Info.plist; sourceTree = "<group>"; };
/* End PBXFileReference section */

/* Begin PBXFrameworksBuildPhase section */
		4DD4D73C2A35EECE001315A8 /* Frameworks */ = {
			isa = PBXFrameworksBuildPhase;
			buildActionMask = 2147483647;
			files = (
				4D68DF022A4FD635008425FF /* spm in Frameworks */,
				4D8B08CB2A4FBD6D009332D5 /* CocoaLumberjack in Frameworks */,
			);
			runOnlyForDeploymentPostprocessing = 0;
		};
/* End PBXFrameworksBuildPhase section */

/* Begin PBXGroup section */
		4D68DEFF2A4FD41C008425FF /* Packages */ = {
			isa = PBXGroup;
			children = (
				4D68DF002A4FD41C008425FF /* spm */,
			);
			name = Packages;
			sourceTree = "<group>";
		};
		4D68F12A2A4337BE003BEEC1 /* View */ = {
			isa = PBXGroup;
			children = (
				4D86FE9B2A4A443A00BCA7AC /* Task */,
				4D86FE9A2A4A442800BCA7AC /* Home */,
			);
			path = View;
			sourceTree = "<group>";
		};
		4D86FE912A46A4ED00BCA7AC /* Controller */ = {
			isa = PBXGroup;
			children = (
				4D86FE922A46A58F00BCA7AC /* TasksLaunching.swift */,
			);
			path = Controller;
			sourceTree = "<group>";
		};
		4D86FE9A2A4A442800BCA7AC /* Home */ = {
			isa = PBXGroup;
			children = (
				4D86FE962A4A41D000BCA7AC /* MainScreenViewController.swift */,
				4D86FE982A4A441800BCA7AC /* ToDoTableView.swift */,
				4D86FE9C2A4B191200BCA7AC /* TableViewCell.swift */,
				4D8B08C02A4B6294009332D5 /* HiddenTasksView.swift */,
			);
			path = Home;
			sourceTree = "<group>";
		};
		4D86FE9B2A4A443A00BCA7AC /* Task */ = {
			isa = PBXGroup;
			children = (
				4D68F12B2A43385C003BEEC1 /* TaskViewController.swift */,
				4D300DE22A45AB87003814D4 /* TaskStackView.swift */,
				4D300DE02A45A51C003814D4 /* TaskTextView.swift */,
				4D86FE8D2A46738500BCA7AC /* DeleteButton.swift */,
			);
			path = Task;
			sourceTree = "<group>";
		};
		4D8B08C22A4D9138009332D5 /* Utils */ = {
			isa = PBXGroup;
			children = (
				4D8B08BE2A4B5877009332D5 /* Constants.swift */,
				4D8B08C32A4D9165009332D5 /* Images.swift */,
				4D8B08C52A4DF8D4009332D5 /* Colors.swift */,
				4D8B08C72A4FA61B009332D5 /* ToDoErrors.swift */,
			);
			path = Utils;
			sourceTree = "<group>";
		};
		4DD4D7362A35EECE001315A8 = {
			isa = PBXGroup;
			children = (
				4D68DEFF2A4FD41C008425FF /* Packages */,
				4DD4D7412A35EECE001315A8 /* ToDoList */,
				4DD4D7402A35EECE001315A8 /* Products */,
			);
			sourceTree = "<group>";
		};
		4DD4D7402A35EECE001315A8 /* Products */ = {
			isa = PBXGroup;
			children = (
				4DD4D73F2A35EECE001315A8 /* ToDoList.app */,
			);
			name = Products;
			sourceTree = "<group>";
		};
		4DD4D7412A35EECE001315A8 /* ToDoList */ = {
			isa = PBXGroup;
			children = (
				4DD4D7422A35EECE001315A8 /* AppDelegate.swift */,
				4DD4D7442A35EECE001315A8 /* SceneDelegate.swift */,
				4D86FE912A46A4ED00BCA7AC /* Controller */,
				4D68F12A2A4337BE003BEEC1 /* View */,
				4DD4D7562A35EF0E001315A8 /* Models */,
				4DD4D74B2A35EED0001315A8 /* Assets.xcassets */,
				4DD4D74D2A35EED0001315A8 /* LaunchScreen.storyboard */,
				4DD4D7502A35EED0001315A8 /* Info.plist */,
			);
			path = ToDoList;
			sourceTree = "<group>";
		};
		4DD4D7562A35EF0E001315A8 /* Models */ = {
			isa = PBXGroup;
			children = (
				4D3EB9C62A4FDA8200B2D693 /* FileCache.swift */,
				4D3EB9C72A4FDA8200B2D693 /* TodoItem.swift */,
				4D86FE8F2A46A47B00BCA7AC /* testFile.json */,
				4D8B08C22A4D9138009332D5 /* Utils */,
			);
			path = Models;
			sourceTree = "<group>";
		};
/* End PBXGroup section */

/* Begin PBXNativeTarget section */
		4DD4D73E2A35EECE001315A8 /* ToDoList */ = {
			isa = PBXNativeTarget;
			buildConfigurationList = 4DD4D7532A35EED0001315A8 /* Build configuration list for PBXNativeTarget "ToDoList" */;
			buildPhases = (
				4DD4D73B2A35EECE001315A8 /* Sources */,
				4DD4D73C2A35EECE001315A8 /* Frameworks */,
				4DD4D73D2A35EECE001315A8 /* Resources */,
			);
			buildRules = (
			);
			dependencies = (
			);
			name = ToDoList;
			packageProductDependencies = (
				4D8B08CA2A4FBD6D009332D5 /* CocoaLumberjack */,
				4D68DF012A4FD635008425FF /* spm */,
			);
			productName = ToDoList;
			productReference = 4DD4D73F2A35EECE001315A8 /* ToDoList.app */;
			productType = "com.apple.product-type.application";
		};
/* End PBXNativeTarget section */

/* Begin PBXProject section */
		4DD4D7372A35EECE001315A8 /* Project object */ = {
			isa = PBXProject;
			attributes = {
				BuildIndependentTargetsInParallel = 1;
				LastSwiftUpdateCheck = 1430;
				LastUpgradeCheck = 1430;
				TargetAttributes = {
					4DD4D73E2A35EECE001315A8 = {
						CreatedOnToolsVersion = 14.3;
					};
				};
			};
			buildConfigurationList = 4DD4D73A2A35EECE001315A8 /* Build configuration list for PBXProject "ToDoList" */;
			compatibilityVersion = "Xcode 14.0";
			developmentRegion = en;
			hasScannedForEncodings = 0;
			knownRegions = (
				en,
				Base,
			);
			mainGroup = 4DD4D7362A35EECE001315A8;
			packageReferences = (
				4D8B08C92A4FBD6D009332D5 /* XCRemoteSwiftPackageReference "CocoaLumberjack" */,
			);
			productRefGroup = 4DD4D7402A35EECE001315A8 /* Products */;
			projectDirPath = "";
			projectRoot = "";
			targets = (
				4DD4D73E2A35EECE001315A8 /* ToDoList */,
			);
		};
/* End PBXProject section */

/* Begin PBXResourcesBuildPhase section */
		4DD4D73D2A35EECE001315A8 /* Resources */ = {
			isa = PBXResourcesBuildPhase;
			buildActionMask = 2147483647;
			files = (
				4DD4D74F2A35EED0001315A8 /* LaunchScreen.storyboard in Resources */,
				4D86FE902A46A47B00BCA7AC /* testFile.json in Resources */,
				4DD4D74C2A35EED0001315A8 /* Assets.xcassets in Resources */,
			);
			runOnlyForDeploymentPostprocessing = 0;
		};
/* End PBXResourcesBuildPhase section */

/* Begin PBXSourcesBuildPhase section */
		4DD4D73B2A35EECE001315A8 /* Sources */ = {
			isa = PBXSourcesBuildPhase;
			buildActionMask = 2147483647;
			files = (
				4D3EB9C92A4FDA8200B2D693 /* TodoItem.swift in Sources */,
				4D86FE932A46A58F00BCA7AC /* TasksLaunching.swift in Sources */,
				4D8B08C62A4DF8D4009332D5 /* Colors.swift in Sources */,
				4D300DE12A45A51C003814D4 /* TaskTextView.swift in Sources */,
				4D8B08C42A4D9165009332D5 /* Images.swift in Sources */,
				4D300DE32A45AB87003814D4 /* TaskStackView.swift in Sources */,
				4D3EB9C82A4FDA8200B2D693 /* FileCache.swift in Sources */,
				4D68F12C2A43385C003BEEC1 /* TaskViewController.swift in Sources */,
				4D8B08C82A4FA61B009332D5 /* ToDoErrors.swift in Sources */,
				4D86FE9D2A4B191200BCA7AC /* TableViewCell.swift in Sources */,
				4D86FE972A4A41D100BCA7AC /* MainScreenViewController.swift in Sources */,
				4D8B08BF2A4B5877009332D5 /* Constants.swift in Sources */,
				4D86FE8E2A46738500BCA7AC /* DeleteButton.swift in Sources */,
				4D86FE992A4A441800BCA7AC /* ToDoTableView.swift in Sources */,
				4DD4D7432A35EECE001315A8 /* AppDelegate.swift in Sources */,
				4D8B08C12A4B6294009332D5 /* HiddenTasksView.swift in Sources */,
				4DD4D7452A35EECE001315A8 /* SceneDelegate.swift in Sources */,
			);
			runOnlyForDeploymentPostprocessing = 0;
		};
/* End PBXSourcesBuildPhase section */

/* Begin PBXVariantGroup section */
		4DD4D74D2A35EED0001315A8 /* LaunchScreen.storyboard */ = {
			isa = PBXVariantGroup;
			children = (
				4DD4D74E2A35EED0001315A8 /* Base */,
			);
			name = LaunchScreen.storyboard;
			sourceTree = "<group>";
		};
/* End PBXVariantGroup section */

/* Begin XCBuildConfiguration section */
		4DD4D7512A35EED0001315A8 /* Debug */ = {
			isa = XCBuildConfiguration;
			buildSettings = {
				ALWAYS_SEARCH_USER_PATHS = NO;
				CLANG_ANALYZER_NONNULL = YES;
				CLANG_ANALYZER_NUMBER_OBJECT_CONVERSION = YES_AGGRESSIVE;
				CLANG_CXX_LANGUAGE_STANDARD = "gnu++20";
				CLANG_ENABLE_MODULES = YES;
				CLANG_ENABLE_OBJC_ARC = YES;
				CLANG_ENABLE_OBJC_WEAK = YES;
				CLANG_WARN_BLOCK_CAPTURE_AUTORELEASING = YES;
				CLANG_WARN_BOOL_CONVERSION = YES;
				CLANG_WARN_COMMA = YES;
				CLANG_WARN_CONSTANT_CONVERSION = YES;
				CLANG_WARN_DEPRECATED_OBJC_IMPLEMENTATIONS = YES;
				CLANG_WARN_DIRECT_OBJC_ISA_USAGE = YES_ERROR;
				CLANG_WARN_DOCUMENTATION_COMMENTS = YES;
				CLANG_WARN_EMPTY_BODY = YES;
				CLANG_WARN_ENUM_CONVERSION = YES;
				CLANG_WARN_INFINITE_RECURSION = YES;
				CLANG_WARN_INT_CONVERSION = YES;
				CLANG_WARN_NON_LITERAL_NULL_CONVERSION = YES;
				CLANG_WARN_OBJC_IMPLICIT_RETAIN_SELF = YES;
				CLANG_WARN_OBJC_LITERAL_CONVERSION = YES;
				CLANG_WARN_OBJC_ROOT_CLASS = YES_ERROR;
				CLANG_WARN_QUOTED_INCLUDE_IN_FRAMEWORK_HEADER = YES;
				CLANG_WARN_RANGE_LOOP_ANALYSIS = YES;
				CLANG_WARN_STRICT_PROTOTYPES = YES;
				CLANG_WARN_SUSPICIOUS_MOVE = YES;
				CLANG_WARN_UNGUARDED_AVAILABILITY = YES_AGGRESSIVE;
				CLANG_WARN_UNREACHABLE_CODE = YES;
				CLANG_WARN__DUPLICATE_METHOD_MATCH = YES;
				COPY_PHASE_STRIP = NO;
				DEBUG_INFORMATION_FORMAT = dwarf;
				ENABLE_STRICT_OBJC_MSGSEND = YES;
				ENABLE_TESTABILITY = YES;
				GCC_C_LANGUAGE_STANDARD = gnu11;
				GCC_DYNAMIC_NO_PIC = NO;
				GCC_NO_COMMON_BLOCKS = YES;
				GCC_OPTIMIZATION_LEVEL = 0;
				GCC_PREPROCESSOR_DEFINITIONS = (
					"DEBUG=1",
					"$(inherited)",
				);
				GCC_WARN_64_TO_32_BIT_CONVERSION = YES;
				GCC_WARN_ABOUT_RETURN_TYPE = YES_ERROR;
				GCC_WARN_UNDECLARED_SELECTOR = YES;
				GCC_WARN_UNINITIALIZED_AUTOS = YES_AGGRESSIVE;
				GCC_WARN_UNUSED_FUNCTION = YES;
				GCC_WARN_UNUSED_VARIABLE = YES;
				IPHONEOS_DEPLOYMENT_TARGET = 16.4;
				MTL_ENABLE_DEBUG_INFO = INCLUDE_SOURCE;
				MTL_FAST_MATH = YES;
				ONLY_ACTIVE_ARCH = YES;
				SDKROOT = iphoneos;
				SWIFT_ACTIVE_COMPILATION_CONDITIONS = DEBUG;
				SWIFT_OPTIMIZATION_LEVEL = "-Onone";
			};
			name = Debug;
		};
		4DD4D7522A35EED0001315A8 /* Release */ = {
			isa = XCBuildConfiguration;
			buildSettings = {
				ALWAYS_SEARCH_USER_PATHS = NO;
				CLANG_ANALYZER_NONNULL = YES;
				CLANG_ANALYZER_NUMBER_OBJECT_CONVERSION = YES_AGGRESSIVE;
				CLANG_CXX_LANGUAGE_STANDARD = "gnu++20";
				CLANG_ENABLE_MODULES = YES;
				CLANG_ENABLE_OBJC_ARC = YES;
				CLANG_ENABLE_OBJC_WEAK = YES;
				CLANG_WARN_BLOCK_CAPTURE_AUTORELEASING = YES;
				CLANG_WARN_BOOL_CONVERSION = YES;
				CLANG_WARN_COMMA = YES;
				CLANG_WARN_CONSTANT_CONVERSION = YES;
				CLANG_WARN_DEPRECATED_OBJC_IMPLEMENTATIONS = YES;
				CLANG_WARN_DIRECT_OBJC_ISA_USAGE = YES_ERROR;
				CLANG_WARN_DOCUMENTATION_COMMENTS = YES;
				CLANG_WARN_EMPTY_BODY = YES;
				CLANG_WARN_ENUM_CONVERSION = YES;
				CLANG_WARN_INFINITE_RECURSION = YES;
				CLANG_WARN_INT_CONVERSION = YES;
				CLANG_WARN_NON_LITERAL_NULL_CONVERSION = YES;
				CLANG_WARN_OBJC_IMPLICIT_RETAIN_SELF = YES;
				CLANG_WARN_OBJC_LITERAL_CONVERSION = YES;
				CLANG_WARN_OBJC_ROOT_CLASS = YES_ERROR;
				CLANG_WARN_QUOTED_INCLUDE_IN_FRAMEWORK_HEADER = YES;
				CLANG_WARN_RANGE_LOOP_ANALYSIS = YES;
				CLANG_WARN_STRICT_PROTOTYPES = YES;
				CLANG_WARN_SUSPICIOUS_MOVE = YES;
				CLANG_WARN_UNGUARDED_AVAILABILITY = YES_AGGRESSIVE;
				CLANG_WARN_UNREACHABLE_CODE = YES;
				CLANG_WARN__DUPLICATE_METHOD_MATCH = YES;
				COPY_PHASE_STRIP = NO;
				DEBUG_INFORMATION_FORMAT = "dwarf-with-dsym";
				ENABLE_NS_ASSERTIONS = NO;
				ENABLE_STRICT_OBJC_MSGSEND = YES;
				GCC_C_LANGUAGE_STANDARD = gnu11;
				GCC_NO_COMMON_BLOCKS = YES;
				GCC_WARN_64_TO_32_BIT_CONVERSION = YES;
				GCC_WARN_ABOUT_RETURN_TYPE = YES_ERROR;
				GCC_WARN_UNDECLARED_SELECTOR = YES;
				GCC_WARN_UNINITIALIZED_AUTOS = YES_AGGRESSIVE;
				GCC_WARN_UNUSED_FUNCTION = YES;
				GCC_WARN_UNUSED_VARIABLE = YES;
				IPHONEOS_DEPLOYMENT_TARGET = 16.4;
				MTL_ENABLE_DEBUG_INFO = NO;
				MTL_FAST_MATH = YES;
				SDKROOT = iphoneos;
				SWIFT_COMPILATION_MODE = wholemodule;
				SWIFT_OPTIMIZATION_LEVEL = "-O";
				VALIDATE_PRODUCT = YES;
			};
			name = Release;
		};
		4DD4D7542A35EED0001315A8 /* Debug */ = {
			isa = XCBuildConfiguration;
			buildSettings = {
				ASSETCATALOG_COMPILER_APPICON_NAME = AppIcon;
				ASSETCATALOG_COMPILER_GLOBAL_ACCENT_COLOR_NAME = AccentColor;
				CODE_SIGN_STYLE = Automatic;
				CURRENT_PROJECT_VERSION = 1;
				DEVELOPMENT_TEAM = ZZBK95VC53;
				GENERATE_INFOPLIST_FILE = YES;
				INFOPLIST_FILE = ToDoList/Info.plist;
				INFOPLIST_KEY_UIApplicationSupportsIndirectInputEvents = YES;
				INFOPLIST_KEY_UILaunchStoryboardName = LaunchScreen;
				INFOPLIST_KEY_UISupportedInterfaceOrientations_iPad = "UIInterfaceOrientationPortrait UIInterfaceOrientationPortraitUpsideDown UIInterfaceOrientationLandscapeLeft UIInterfaceOrientationLandscapeRight";
				INFOPLIST_KEY_UISupportedInterfaceOrientations_iPhone = "UIInterfaceOrientationPortrait UIInterfaceOrientationLandscapeLeft UIInterfaceOrientationLandscapeRight";
				IPHONEOS_DEPLOYMENT_TARGET = 16.0;
				LD_RUNPATH_SEARCH_PATHS = (
					"$(inherited)",
					"@executable_path/Frameworks",
				);
				MARKETING_VERSION = 1.0;
				PRODUCT_BUNDLE_IDENTIFIER = aliya.ToDoList;
				PRODUCT_NAME = "$(TARGET_NAME)";
				SWIFT_EMIT_LOC_STRINGS = YES;
				SWIFT_VERSION = 5.0;
				TARGETED_DEVICE_FAMILY = "1,2";
			};
			name = Debug;
		};
		4DD4D7552A35EED0001315A8 /* Release */ = {
			isa = XCBuildConfiguration;
			buildSettings = {
				ASSETCATALOG_COMPILER_APPICON_NAME = AppIcon;
				ASSETCATALOG_COMPILER_GLOBAL_ACCENT_COLOR_NAME = AccentColor;
				CODE_SIGN_STYLE = Manual;
				CURRENT_PROJECT_VERSION = 1;
				DEVELOPMENT_TEAM = "";
				GENERATE_INFOPLIST_FILE = YES;
				INFOPLIST_FILE = ToDoList/Info.plist;
				INFOPLIST_KEY_UIApplicationSupportsIndirectInputEvents = YES;
				INFOPLIST_KEY_UILaunchStoryboardName = LaunchScreen;
				INFOPLIST_KEY_UISupportedInterfaceOrientations_iPad = "UIInterfaceOrientationPortrait UIInterfaceOrientationPortraitUpsideDown UIInterfaceOrientationLandscapeLeft UIInterfaceOrientationLandscapeRight";
				INFOPLIST_KEY_UISupportedInterfaceOrientations_iPhone = "UIInterfaceOrientationPortrait UIInterfaceOrientationLandscapeLeft UIInterfaceOrientationLandscapeRight";
				IPHONEOS_DEPLOYMENT_TARGET = 16.0;
				LD_RUNPATH_SEARCH_PATHS = (
					"$(inherited)",
					"@executable_path/Frameworks",
				);
				MARKETING_VERSION = 1.0;
				PRODUCT_BUNDLE_IDENTIFIER = aliya.ToDoList;
				PRODUCT_NAME = "$(TARGET_NAME)";
				PROVISIONING_PROFILE_SPECIFIER = "";
				SWIFT_EMIT_LOC_STRINGS = YES;
				SWIFT_VERSION = 5.0;
				TARGETED_DEVICE_FAMILY = "1,2";
			};
			name = Release;
		};
/* End XCBuildConfiguration section */

/* Begin XCConfigurationList section */
		4DD4D73A2A35EECE001315A8 /* Build configuration list for PBXProject "ToDoList" */ = {
			isa = XCConfigurationList;
			buildConfigurations = (
				4DD4D7512A35EED0001315A8 /* Debug */,
				4DD4D7522A35EED0001315A8 /* Release */,
			);
			defaultConfigurationIsVisible = 0;
			defaultConfigurationName = Release;
		};
		4DD4D7532A35EED0001315A8 /* Build configuration list for PBXNativeTarget "ToDoList" */ = {
			isa = XCConfigurationList;
			buildConfigurations = (
				4DD4D7542A35EED0001315A8 /* Debug */,
				4DD4D7552A35EED0001315A8 /* Release */,
			);
			defaultConfigurationIsVisible = 0;
			defaultConfigurationName = Release;
		};
/* End XCConfigurationList section */

/* Begin XCRemoteSwiftPackageReference section */
		4D8B08C92A4FBD6D009332D5 /* XCRemoteSwiftPackageReference "CocoaLumberjack" */ = {
			isa = XCRemoteSwiftPackageReference;
			repositoryURL = "https://github.com/CocoaLumberjack/CocoaLumberjack";
			requirement = {
				kind = upToNextMajorVersion;
				minimumVersion = 3.0.0;
			};
		};
/* End XCRemoteSwiftPackageReference section */

/* Begin XCSwiftPackageProductDependency section */
		4D68DF012A4FD635008425FF /* spm */ = {
			isa = XCSwiftPackageProductDependency;
			productName = spm;
		};
		4D8B08CA2A4FBD6D009332D5 /* CocoaLumberjack */ = {
			isa = XCSwiftPackageProductDependency;
			package = 4D8B08C92A4FBD6D009332D5 /* XCRemoteSwiftPackageReference "CocoaLumberjack" */;
			productName = CocoaLumberjack;
		};
/* End XCSwiftPackageProductDependency section */
	};
	rootObject = 4DD4D7372A35EECE001315A8 /* Project object */;
}
